
Microsoft Visual Studio Solution File, Format Version 12.00
# Visual Studio Version 16
VisualStudioVersion = 16.0.31613.86
MinimumVisualStudioVersion = 10.0.40219.1
Project("{FAE04EC0-301F-11D3-BF4B-00C04F79EFBC}") = "exercicios3", "exercicios3\exercicios3.csproj", "{4329BB7E-C91B-44E9-9454-CED360C65BD8}"
EndProject
Global
	GlobalSection(SolutionConfigurationPlatforms) = preSolution
		Debug|Any CPU = Debug|Any CPU
		Release|Any CPU = Release|Any CPU
	EndGlobalSection
	GlobalSection(ProjectConfigurationPlatforms) = postSolution
		{4329BB7E-C91B-44E9-9454-CED360C65BD8}.Debug|Any CPU.ActiveCfg = Debug|Any CPU
		{4329BB7E-C91B-44E9-9454-CED360C65BD8}.Debug|Any CPU.Build.0 = Debug|Any CPU
		{4329BB7E-C91B-44E9-9454-CED360C65BD8}.Release|Any CPU.ActiveCfg = Release|Any CPU
		{4329BB7E-C91B-44E9-9454-CED360C65BD8}.Release|Any CPU.Build.0 = Release|Any CPU
	EndGlobalSection
	GlobalSection(SolutionProperties) = preSolution
		HideSolutionNode = FALSE
	EndGlobalSection
	GlobalSection(ExtensibilityGlobals) = postSolution
		SolutionGuid = {B468EC94-A232-4904-A3FA-2272BA87BBDA}
	EndGlobalSection
EndGlobal
