
Microsoft Visual Studio Solution File, Format Version 12.00
# Visual Studio Version 16
VisualStudioVersion = 16.0.31613.86
MinimumVisualStudioVersion = 10.0.40219.1
Project("{FAE04EC0-301F-11D3-BF4B-00C04F79EFBC}") = "SalesWebMvc", "SalesWebMvc\SalesWebMvc.csproj", "{D5823F08-DFB1-499F-9CF0-3B37F8F19F71}"
EndProject
Global
	GlobalSection(SolutionConfigurationPlatforms) = preSolution
		Debug|Any CPU = Debug|Any CPU
		Release|Any CPU = Release|Any CPU
	EndGlobalSection
	GlobalSection(ProjectConfigurationPlatforms) = postSolution
		{D5823F08-DFB1-499F-9CF0-3B37F8F19F71}.Debug|Any CPU.ActiveCfg = Debug|Any CPU
		{D5823F08-DFB1-499F-9CF0-3B37F8F19F71}.Debug|Any CPU.Build.0 = Debug|Any CPU
		{D5823F08-DFB1-499F-9CF0-3B37F8F19F71}.Release|Any CPU.ActiveCfg = Release|Any CPU
		{D5823F08-DFB1-499F-9CF0-3B37F8F19F71}.Release|Any CPU.Build.0 = Release|Any CPU
	EndGlobalSection
	GlobalSection(SolutionProperties) = preSolution
		HideSolutionNode = FALSE
	EndGlobalSection
	GlobalSection(ExtensibilityGlobals) = postSolution
		SolutionGuid = {52395BCF-FC4F-4479-BF01-6C676A76AC2D}
	EndGlobalSection
EndGlobal
