
Microsoft Visual Studio Solution File, Format Version 12.00
# Visual Studio Version 16
VisualStudioVersion = 16.0.31613.86
MinimumVisualStudioVersion = 10.0.40219.1
Project("{FAE04EC0-301F-11D3-BF4B-00C04F79EFBC}") = "exercicio1", "exercicio1\exercicio1.csproj", "{9F6E38CA-1041-4051-A811-DD819539EABE}"
EndProject
Global
	GlobalSection(SolutionConfigurationPlatforms) = preSolution
		Debug|Any CPU = Debug|Any CPU
		Release|Any CPU = Release|Any CPU
	EndGlobalSection
	GlobalSection(ProjectConfigurationPlatforms) = postSolution
		{9F6E38CA-1041-4051-A811-DD819539EABE}.Debug|Any CPU.ActiveCfg = Debug|Any CPU
		{9F6E38CA-1041-4051-A811-DD819539EABE}.Debug|Any CPU.Build.0 = Debug|Any CPU
		{9F6E38CA-1041-4051-A811-DD819539EABE}.Release|Any CPU.ActiveCfg = Release|Any CPU
		{9F6E38CA-1041-4051-A811-DD819539EABE}.Release|Any CPU.Build.0 = Release|Any CPU
	EndGlobalSection
	GlobalSection(SolutionProperties) = preSolution
		HideSolutionNode = FALSE
	EndGlobalSection
	GlobalSection(ExtensibilityGlobals) = postSolution
		SolutionGuid = {2A31038C-03F4-4A06-B6C3-9345974CF088}
	EndGlobalSection
EndGlobal
