
Microsoft Visual Studio Solution File, Format Version 12.00
# Visual Studio Version 16
VisualStudioVersion = 16.0.31613.86
MinimumVisualStudioVersion = 10.0.40219.1
Project("{FAE04EC0-301F-11D3-BF4B-00C04F79EFBC}") = "exercicioPropostoSet", "exercicioPropostoSet\exercicioPropostoSet.csproj", "{CBBDB081-B493-4F48-A9FE-3857269C6DF5}"
EndProject
Global
	GlobalSection(SolutionConfigurationPlatforms) = preSolution
		Debug|Any CPU = Debug|Any CPU
		Release|Any CPU = Release|Any CPU
	EndGlobalSection
	GlobalSection(ProjectConfigurationPlatforms) = postSolution
		{CBBDB081-B493-4F48-A9FE-3857269C6DF5}.Debug|Any CPU.ActiveCfg = Debug|Any CPU
		{CBBDB081-B493-4F48-A9FE-3857269C6DF5}.Debug|Any CPU.Build.0 = Debug|Any CPU
		{CBBDB081-B493-4F48-A9FE-3857269C6DF5}.Release|Any CPU.ActiveCfg = Release|Any CPU
		{CBBDB081-B493-4F48-A9FE-3857269C6DF5}.Release|Any CPU.Build.0 = Release|Any CPU
	EndGlobalSection
	GlobalSection(SolutionProperties) = preSolution
		HideSolutionNode = FALSE
	EndGlobalSection
	GlobalSection(ExtensibilityGlobals) = postSolution
		SolutionGuid = {ABBA5972-5491-4481-876F-E90CE86FCFAD}
	EndGlobalSection
EndGlobal
