
Microsoft Visual Studio Solution File, Format Version 12.00
# Visual Studio Version 16
VisualStudioVersion = 16.0.31613.86
MinimumVisualStudioVersion = 10.0.40219.1
Project("{FAE04EC0-301F-11D3-BF4B-00C04F79EFBC}") = "exercicioPropostoDictionary", "exercicioPropostoDictionary\exercicioPropostoDictionary.csproj", "{C266E681-02CB-44B8-9AC9-5F91E558093A}"
EndProject
Global
	GlobalSection(SolutionConfigurationPlatforms) = preSolution
		Debug|Any CPU = Debug|Any CPU
		Release|Any CPU = Release|Any CPU
	EndGlobalSection
	GlobalSection(ProjectConfigurationPlatforms) = postSolution
		{C266E681-02CB-44B8-9AC9-5F91E558093A}.Debug|Any CPU.ActiveCfg = Debug|Any CPU
		{C266E681-02CB-44B8-9AC9-5F91E558093A}.Debug|Any CPU.Build.0 = Debug|Any CPU
		{C266E681-02CB-44B8-9AC9-5F91E558093A}.Release|Any CPU.ActiveCfg = Release|Any CPU
		{C266E681-02CB-44B8-9AC9-5F91E558093A}.Release|Any CPU.Build.0 = Release|Any CPU
	EndGlobalSection
	GlobalSection(SolutionProperties) = preSolution
		HideSolutionNode = FALSE
	EndGlobalSection
	GlobalSection(ExtensibilityGlobals) = postSolution
		SolutionGuid = {BEC42531-5E5F-42A7-B5B0-417B11BD73E7}
	EndGlobalSection
EndGlobal
