
Microsoft Visual Studio Solution File, Format Version 12.00
# Visual Studio Version 16
VisualStudioVersion = 16.0.31613.86
MinimumVisualStudioVersion = 10.0.40219.1
Project("{FAE04EC0-301F-11D3-BF4B-00C04F79EFBC}") = "exercicioMatriz", "exercicioMatriz\exercicioMatriz.csproj", "{A232FC2F-CBDE-4417-9A7F-5D8538688088}"
EndProject
Global
	GlobalSection(SolutionConfigurationPlatforms) = preSolution
		Debug|Any CPU = Debug|Any CPU
		Release|Any CPU = Release|Any CPU
	EndGlobalSection
	GlobalSection(ProjectConfigurationPlatforms) = postSolution
		{A232FC2F-CBDE-4417-9A7F-5D8538688088}.Debug|Any CPU.ActiveCfg = Debug|Any CPU
		{A232FC2F-CBDE-4417-9A7F-5D8538688088}.Debug|Any CPU.Build.0 = Debug|Any CPU
		{A232FC2F-CBDE-4417-9A7F-5D8538688088}.Release|Any CPU.ActiveCfg = Release|Any CPU
		{A232FC2F-CBDE-4417-9A7F-5D8538688088}.Release|Any CPU.Build.0 = Release|Any CPU
	EndGlobalSection
	GlobalSection(SolutionProperties) = preSolution
		HideSolutionNode = FALSE
	EndGlobalSection
	GlobalSection(ExtensibilityGlobals) = postSolution
		SolutionGuid = {9AE3E724-16A8-47DB-84E3-FE72A900D679}
	EndGlobalSection
EndGlobal
